
Microsoft Visual Studio Solution File, Format Version 12.00
# Visual Studio 2013
VisualStudioVersion = 12.0.31101.0
MinimumVisualStudioVersion = 10.0.40219.1
Project("{FAE04EC0-301F-11D3-BF4B-00C04F79EFBC}") = "HelloWorld", "HelloWorld\HelloWorld.csproj", "{C4428C69-4BD5-40E9-B711-2C58201BA5F8}"
EndProject
Project("{FAE04EC0-301F-11D3-BF4B-00C04F79EFBC}") = "HelloWorld.Tests", "HelloWorld.Tests\HelloWorld.Tests.csproj", "{636E1170-12E4-4593-8D07-EB1AED37FCC2}"
EndProject
Global
	GlobalSection(SolutionConfigurationPlatforms) = preSolution
		Debug|Any CPU = Debug|Any CPU
		Release|Any CPU = Release|Any CPU
	EndGlobalSection
	GlobalSection(ProjectConfigurationPlatforms) = postSolution
		{C4428C69-4BD5-40E9-B711-2C58201BA5F8}.Debug|Any CPU.ActiveCfg = Debug|Any CPU
		{C4428C69-4BD5-40E9-B711-2C58201BA5F8}.Debug|Any CPU.Build.0 = Debug|Any CPU
		{C4428C69-4BD5-40E9-B711-2C58201BA5F8}.Release|Any CPU.ActiveCfg = Release|Any CPU
		{C4428C69-4BD5-40E9-B711-2C58201BA5F8}.Release|Any CPU.Build.0 = Release|Any CPU
		{636E1170-12E4-4593-8D07-EB1AED37FCC2}.Debug|Any CPU.ActiveCfg = Debug|Any CPU
		{636E1170-12E4-4593-8D07-EB1AED37FCC2}.Debug|Any CPU.Build.0 = Debug|Any CPU
		{636E1170-12E4-4593-8D07-EB1AED37FCC2}.Release|Any CPU.ActiveCfg = Release|Any CPU
		{636E1170-12E4-4593-8D07-EB1AED37FCC2}.Release|Any CPU.Build.0 = Release|Any CPU
	EndGlobalSection
	GlobalSection(SolutionProperties) = preSolution
		HideSolutionNode = FALSE
	EndGlobalSection
EndGlobal
